
Microsoft Visual Studio Solution File, Format Version 12.00
# Visual Studio Version 17
VisualStudioVersion = 17.0.31903.59
MinimumVisualStudioVersion = 10.0.40219.1
Project("{FAE04EC0-301F-11D3-BF4B-00C04F79EFBC}") = "TaskTracker.Domain", "TaskTracker.Domain\TaskTracker.Domain.csproj", "{A83A1C4F-FD63-47EF-8A8F-18C48353ECA8}"
EndProject
Project("{FAE04EC0-301F-11D3-BF4B-00C04F79EFBC}") = "TaskTracker.Application", "TaskTracker.Application\TaskTracker.Application.csproj", "{F25DF7AE-6C79-4E79-9AAD-161AF3D45766}"
EndProject
Project("{FAE04EC0-301F-11D3-BF4B-00C04F79EFBC}") = "TaskTracker.Persistence", "TaskTracker.Persistence\TaskTracker.Persistence.csproj", "{2E6190F2-DBAF-4A1D-80E8-72D83A74E491}"
EndProject
Project("{FAE04EC0-301F-11D3-BF4B-00C04F79EFBC}") = "TaskTracker.Presentation", "TaskTracker.Presentation\TaskTracker.Presentation.csproj", "{FB2F8776-267C-4F05-A868-99A29235A133}"
EndProject
Global
	GlobalSection(SolutionConfigurationPlatforms) = preSolution
		Debug|Any CPU = Debug|Any CPU
		Release|Any CPU = Release|Any CPU
	EndGlobalSection
	GlobalSection(SolutionProperties) = preSolution
		HideSolutionNode = FALSE
	EndGlobalSection
	GlobalSection(ProjectConfigurationPlatforms) = postSolution
		{A83A1C4F-FD63-47EF-8A8F-18C48353ECA8}.Debug|Any CPU.ActiveCfg = Debug|Any CPU
		{A83A1C4F-FD63-47EF-8A8F-18C48353ECA8}.Debug|Any CPU.Build.0 = Debug|Any CPU
		{A83A1C4F-FD63-47EF-8A8F-18C48353ECA8}.Release|Any CPU.ActiveCfg = Release|Any CPU
		{A83A1C4F-FD63-47EF-8A8F-18C48353ECA8}.Release|Any CPU.Build.0 = Release|Any CPU
		{F25DF7AE-6C79-4E79-9AAD-161AF3D45766}.Debug|Any CPU.ActiveCfg = Debug|Any CPU
		{F25DF7AE-6C79-4E79-9AAD-161AF3D45766}.Debug|Any CPU.Build.0 = Debug|Any CPU
		{F25DF7AE-6C79-4E79-9AAD-161AF3D45766}.Release|Any CPU.ActiveCfg = Release|Any CPU
		{F25DF7AE-6C79-4E79-9AAD-161AF3D45766}.Release|Any CPU.Build.0 = Release|Any CPU
		{2E6190F2-DBAF-4A1D-80E8-72D83A74E491}.Debug|Any CPU.ActiveCfg = Debug|Any CPU
		{2E6190F2-DBAF-4A1D-80E8-72D83A74E491}.Debug|Any CPU.Build.0 = Debug|Any CPU
		{2E6190F2-DBAF-4A1D-80E8-72D83A74E491}.Release|Any CPU.ActiveCfg = Release|Any CPU
		{2E6190F2-DBAF-4A1D-80E8-72D83A74E491}.Release|Any CPU.Build.0 = Release|Any CPU
		{FB2F8776-267C-4F05-A868-99A29235A133}.Debug|Any CPU.ActiveCfg = Debug|Any CPU
		{FB2F8776-267C-4F05-A868-99A29235A133}.Debug|Any CPU.Build.0 = Debug|Any CPU
		{FB2F8776-267C-4F05-A868-99A29235A133}.Release|Any CPU.ActiveCfg = Release|Any CPU
		{FB2F8776-267C-4F05-A868-99A29235A133}.Release|Any CPU.Build.0 = Release|Any CPU
	EndGlobalSection
EndGlobal
